# This file is automatically @generated by Cargo.
# It is not intended for manual editing.
[[package]]
name = "cont-rs"
version = "0.1.0"
dependencies = [
 "sexp",
]

[[package]]
name = "sexp"
version = "1.1.4"
source = "registry+https://github.com/rust-lang/crates.io-index"
checksum = "9c8fa7ac9df84000b0238cf497cb2d3056bac2ff2a7d8cf179d2803b4b58571f"
